# This file is automatically @generated by Cargo.
# It is not intended for manual editing.
version = 3

[[package]]
name = "advanced_funcs"
version = "0.1.0"
dependencies = [
 "macros",
]

[[package]]
name = "advanced_traits"
version = "0.1.0"
dependencies = [
 "macros",
]

[[package]]
name = "advanced_type"
version = "0.1.0"
dependencies = [
 "macros",
]

[[package]]
name = "macros"
version = "0.1.0"

[[package]]
name = "unsafe_rust"
version = "0.1.0"
dependencies = [
 "macros",
]
